// !$*UTF8*$!
{
	archiveVersion = 1;
	classes = {
	};
	objectVersion = 55;
	objects = {

/* Begin PBXBuildFile section */
		00412E6D28738256003AC13F /* Networkmanager.swift in Sources */ = {isa = PBXBuildFile; fileRef = 00412E6C28738256003AC13F /* Networkmanager.swift */; };
		00412E6F287384CF003AC13F /* Movie.swift in Sources */ = {isa = PBXBuildFile; fileRef = 00412E6E287384CF003AC13F /* Movie.swift */; };
		00DC4956287355C100727321 /* MovieCollectionViewCell.swift in Sources */ = {isa = PBXBuildFile; fileRef = 00DC4954287355C100727321 /* MovieCollectionViewCell.swift */; };
		00DC4957287355C100727321 /* MovieCollectionViewCell.xib in Resources */ = {isa = PBXBuildFile; fileRef = 00DC4955287355C100727321 /* MovieCollectionViewCell.xib */; };
		00E802632872383500C33B27 /* AppDelegate.swift in Sources */ = {isa = PBXBuildFile; fileRef = 00E802622872383500C33B27 /* AppDelegate.swift */; };
		00E802652872383500C33B27 /* SceneDelegate.swift in Sources */ = {isa = PBXBuildFile; fileRef = 00E802642872383500C33B27 /* SceneDelegate.swift */; };
		00E8026A2872383500C33B27 /* Main.storyboard in Resources */ = {isa = PBXBuildFile; fileRef = 00E802682872383500C33B27 /* Main.storyboard */; };
		00E8026D2872383500C33B27 /* MovieApp.xcdatamodeld in Sources */ = {isa = PBXBuildFile; fileRef = 00E8026B2872383500C33B27 /* MovieApp.xcdatamodeld */; };
		00E8026F2872383900C33B27 /* Assets.xcassets in Resources */ = {isa = PBXBuildFile; fileRef = 00E8026E2872383900C33B27 /* Assets.xcassets */; };
		00E802722872383900C33B27 /* LaunchScreen.storyboard in Resources */ = {isa = PBXBuildFile; fileRef = 00E802702872383900C33B27 /* LaunchScreen.storyboard */; };
		00E8027E2873147400C33B27 /* MainViewController.swift in Sources */ = {isa = PBXBuildFile; fileRef = 00E8027D2873147400C33B27 /* MainViewController.swift */; };
		D126C53916BA9DA1DDCA196D /* Pods_MovieApp.framework in Frameworks */ = {isa = PBXBuildFile; fileRef = 89EAAA87E491D37CB419F882 /* Pods_MovieApp.framework */; };
/* End PBXBuildFile section */

/* Begin PBXFileReference section */
		00412E6C28738256003AC13F /* Networkmanager.swift */ = {isa = PBXFileReference; lastKnownFileType = sourcecode.swift; path = Networkmanager.swift; sourceTree = "<group>"; };
		00412E6E287384CF003AC13F /* Movie.swift */ = {isa = PBXFileReference; lastKnownFileType = sourcecode.swift; path = Movie.swift; sourceTree = "<group>"; };
		00DC4954287355C100727321 /* MovieCollectionViewCell.swift */ = {isa = PBXFileReference; lastKnownFileType = sourcecode.swift; path = MovieCollectionViewCell.swift; sourceTree = "<group>"; };
		00DC4955287355C100727321 /* MovieCollectionViewCell.xib */ = {isa = PBXFileReference; lastKnownFileType = file.xib; path = MovieCollectionViewCell.xib; sourceTree = "<group>"; };
		00E8025F2872383500C33B27 /* MovieApp.app */ = {isa = PBXFileReference; explicitFileType = wrapper.application; includeInIndex = 0; path = MovieApp.app; sourceTree = BUILT_PRODUCTS_DIR; };
		00E802622872383500C33B27 /* AppDelegate.swift */ = {isa = PBXFileReference; lastKnownFileType = sourcecode.swift; path = AppDelegate.swift; sourceTree = "<group>"; };
		00E802642872383500C33B27 /* SceneDelegate.swift */ = {isa = PBXFileReference; lastKnownFileType = sourcecode.swift; path = SceneDelegate.swift; sourceTree = "<group>"; };
		00E802692872383500C33B27 /* Base */ = {isa = PBXFileReference; lastKnownFileType = file.storyboard; name = Base; path = Base.lproj/Main.storyboard; sourceTree = "<group>"; };
		00E8026C2872383500C33B27 /* MovieApp.xcdatamodel */ = {isa = PBXFileReference; lastKnownFileType = wrapper.xcdatamodel; path = MovieApp.xcdatamodel; sourceTree = "<group>"; };
		00E8026E2872383900C33B27 /* Assets.xcassets */ = {isa = PBXFileReference; lastKnownFileType = folder.assetcatalog; path = Assets.xcassets; sourceTree = "<group>"; };
		00E802712872383900C33B27 /* Base */ = {isa = PBXFileReference; lastKnownFileType = file.storyboard; name = Base; path = Base.lproj/LaunchScreen.storyboard; sourceTree = "<group>"; };
		00E802732872383900C33B27 /* Info.plist */ = {isa = PBXFileReference; lastKnownFileType = text.plist.xml; path = Info.plist; sourceTree = "<group>"; };
		00E8027D2873147400C33B27 /* MainViewController.swift */ = {isa = PBXFileReference; lastKnownFileType = sourcecode.swift; path = MainViewController.swift; sourceTree = "<group>"; };
		36C2665D14A722D76A114E12 /* Pods-MovieApp.release.xcconfig */ = {isa = PBXFileReference; includeInIndex = 1; lastKnownFileType = text.xcconfig; name = "Pods-MovieApp.release.xcconfig"; path = "Target Support Files/Pods-MovieApp/Pods-MovieApp.release.xcconfig"; sourceTree = "<group>"; };
		8488595AB779F64A5A106CDF /* Pods-MovieApp.debug.xcconfig */ = {isa = PBXFileReference; includeInIndex = 1; lastKnownFileType = text.xcconfig; name = "Pods-MovieApp.debug.xcconfig"; path = "Target Support Files/Pods-MovieApp/Pods-MovieApp.debug.xcconfig"; sourceTree = "<group>"; };
		89EAAA87E491D37CB419F882 /* Pods_MovieApp.framework */ = {isa = PBXFileReference; explicitFileType = wrapper.framework; includeInIndex = 0; path = Pods_MovieApp.framework; sourceTree = BUILT_PRODUCTS_DIR; };
/* End PBXFileReference section */

/* Begin PBXFrameworksBuildPhase section */
		00E8025C2872383500C33B27 /* Frameworks */ = {
			isa = PBXFrameworksBuildPhase;
			buildActionMask = 2147483647;
			files = (
				D126C53916BA9DA1DDCA196D /* Pods_MovieApp.framework in Frameworks */,
			);
			runOnlyForDeploymentPostprocessing = 0;
		};
/* End PBXFrameworksBuildPhase section */

/* Begin PBXGroup section */
		00E802562872383500C33B27 = {
			isa = PBXGroup;
			children = (
				00E802612872383500C33B27 /* MovieApp */,
				00E802602872383500C33B27 /* Products */,
				D5EAB8E9FBFB908141E017DA /* Pods */,
				3FE46DA4B313EE57D3B05F72 /* Frameworks */,
			);
			sourceTree = "<group>";
		};
		00E802602872383500C33B27 /* Products */ = {
			isa = PBXGroup;
			children = (
				00E8025F2872383500C33B27 /* MovieApp.app */,
			);
			name = Products;
			sourceTree = "<group>";
		};
		00E802612872383500C33B27 /* MovieApp */ = {
			isa = PBXGroup;
			children = (
				00F2F0EB28830112008C0710 /* Model */,
				00F2F0E9288300F9008C0710 /* Controllers */,
				00F2F0E8288300EF008C0710 /* Network */,
				00F2F0EA28830103008C0710 /* View */,
				00F2F0ED2883014A008C0710 /* Resurses */,
				00F2F0EC28830126008C0710 /* App */,
			);
			path = MovieApp;
			sourceTree = "<group>";
		};
		00E802832873157500C33B27 /* MovieCell */ = {
			isa = PBXGroup;
			children = (
				00DC4954287355C100727321 /* MovieCollectionViewCell.swift */,
				00DC4955287355C100727321 /* MovieCollectionViewCell.xib */,
			);
			path = MovieCell;
			sourceTree = "<group>";
		};
		00F2F0E8288300EF008C0710 /* Network */ = {
			isa = PBXGroup;
			children = (
				00412E6C28738256003AC13F /* Networkmanager.swift */,
			);
			path = Network;
			sourceTree = "<group>";
		};
		00F2F0E9288300F9008C0710 /* Controllers */ = {
			isa = PBXGroup;
			children = (
				00E8027D2873147400C33B27 /* MainViewController.swift */,
			);
			path = Controllers;
			sourceTree = "<group>";
		};
		00F2F0EA28830103008C0710 /* View */ = {
			isa = PBXGroup;
			children = (
				00E802832873157500C33B27 /* MovieCell */,
				00E802702872383900C33B27 /* LaunchScreen.storyboard */,
				00E802682872383500C33B27 /* Main.storyboard */,
			);
			path = View;
			sourceTree = "<group>";
		};
		00F2F0EB28830112008C0710 /* Model */ = {
			isa = PBXGroup;
			children = (
				00E8026B2872383500C33B27 /* MovieApp.xcdatamodeld */,
				00412E6E287384CF003AC13F /* Movie.swift */,
			);
			path = Model;
			sourceTree = "<group>";
		};
		00F2F0EC28830126008C0710 /* App */ = {
			isa = PBXGroup;
			children = (
				00E802622872383500C33B27 /* AppDelegate.swift */,
				00E802642872383500C33B27 /* SceneDelegate.swift */,
				00E802732872383900C33B27 /* Info.plist */,
			);
			path = App;
			sourceTree = "<group>";
		};
		00F2F0ED2883014A008C0710 /* Resurses */ = {
			isa = PBXGroup;
			children = (
				00E8026E2872383900C33B27 /* Assets.xcassets */,
			);
			path = Resurses;
			sourceTree = "<group>";
		};
		3FE46DA4B313EE57D3B05F72 /* Frameworks */ = {
			isa = PBXGroup;
			children = (
				89EAAA87E491D37CB419F882 /* Pods_MovieApp.framework */,
			);
			name = Frameworks;
			sourceTree = "<group>";
		};
		D5EAB8E9FBFB908141E017DA /* Pods */ = {
			isa = PBXGroup;
			children = (
				8488595AB779F64A5A106CDF /* Pods-MovieApp.debug.xcconfig */,
				36C2665D14A722D76A114E12 /* Pods-MovieApp.release.xcconfig */,
			);
			path = Pods;
			sourceTree = "<group>";
		};
/* End PBXGroup section */

/* Begin PBXNativeTarget section */
		00E8025E2872383500C33B27 /* MovieApp */ = {
			isa = PBXNativeTarget;
			buildConfigurationList = 00E802762872383900C33B27 /* Build configuration list for PBXNativeTarget "MovieApp" */;
			buildPhases = (
				B22525D05475CB19623FC405 /* [CP] Check Pods Manifest.lock */,
				00E8025B2872383500C33B27 /* Sources */,
				00E8025C2872383500C33B27 /* Frameworks */,
				00E8025D2872383500C33B27 /* Resources */,
				BAC0A1A0F264E87BFABAA49E /* [CP] Embed Pods Frameworks */,
			);
			buildRules = (
			);
			dependencies = (
			);
			name = MovieApp;
			productName = MovieApp;
			productReference = 00E8025F2872383500C33B27 /* MovieApp.app */;
			productType = "com.apple.product-type.application";
		};
/* End PBXNativeTarget section */

/* Begin PBXProject section */
		00E802572872383500C33B27 /* Project object */ = {
			isa = PBXProject;
			attributes = {
				BuildIndependentTargetsInParallel = 1;
				LastSwiftUpdateCheck = 1340;
				LastUpgradeCheck = 1340;
				TargetAttributes = {
					00E8025E2872383500C33B27 = {
						CreatedOnToolsVersion = 13.4.1;
					};
				};
			};
			buildConfigurationList = 00E8025A2872383500C33B27 /* Build configuration list for PBXProject "MovieApp" */;
			compatibilityVersion = "Xcode 13.0";
			developmentRegion = en;
			hasScannedForEncodings = 0;
			knownRegions = (
				en,
				Base,
			);
			mainGroup = 00E802562872383500C33B27;
			productRefGroup = 00E802602872383500C33B27 /* Products */;
			projectDirPath = "";
			projectRoot = "";
			targets = (
				00E8025E2872383500C33B27 /* MovieApp */,
			);
		};
/* End PBXProject section */

/* Begin PBXResourcesBuildPhase section */
		00E8025D2872383500C33B27 /* Resources */ = {
			isa = PBXResourcesBuildPhase;
			buildActionMask = 2147483647;
			files = (
				00E802722872383900C33B27 /* LaunchScreen.storyboard in Resources */,
				00E8026F2872383900C33B27 /* Assets.xcassets in Resources */,
				00E8026A2872383500C33B27 /* Main.storyboard in Resources */,
				00DC4957287355C100727321 /* MovieCollectionViewCell.xib in Resources */,
			);
			runOnlyForDeploymentPostprocessing = 0;
		};
/* End PBXResourcesBuildPhase section */

/* Begin PBXShellScriptBuildPhase section */
		B22525D05475CB19623FC405 /* [CP] Check Pods Manifest.lock */ = {
			isa = PBXShellScriptBuildPhase;
			buildActionMask = 2147483647;
			files = (
			);
			inputFileListPaths = (
			);
			inputPaths = (
				"${PODS_PODFILE_DIR_PATH}/Podfile.lock",
				"${PODS_ROOT}/Manifest.lock",
			);
			name = "[CP] Check Pods Manifest.lock";
			outputFileListPaths = (
			);
			outputPaths = (
				"$(DERIVED_FILE_DIR)/Pods-MovieApp-checkManifestLockResult.txt",
			);
			runOnlyForDeploymentPostprocessing = 0;
			shellPath = /bin/sh;
			shellScript = "diff \"${PODS_PODFILE_DIR_PATH}/Podfile.lock\" \"${PODS_ROOT}/Manifest.lock\" > /dev/null\nif [ $? != 0 ] ; then\n    # print error to STDERR\n    echo \"error: The sandbox is not in sync with the Podfile.lock. Run 'pod install' or update your CocoaPods installation.\" >&2\n    exit 1\nfi\n# This output is used by Xcode 'outputs' to avoid re-running this script phase.\necho \"SUCCESS\" > \"${SCRIPT_OUTPUT_FILE_0}\"\n";
			showEnvVarsInLog = 0;
		};
		BAC0A1A0F264E87BFABAA49E /* [CP] Embed Pods Frameworks */ = {
			isa = PBXShellScriptBuildPhase;
			buildActionMask = 2147483647;
			files = (
			);
			inputFileListPaths = (
				"${PODS_ROOT}/Target Support Files/Pods-MovieApp/Pods-MovieApp-frameworks-${CONFIGURATION}-input-files.xcfilelist",
			);
			name = "[CP] Embed Pods Frameworks";
			outputFileListPaths = (
				"${PODS_ROOT}/Target Support Files/Pods-MovieApp/Pods-MovieApp-frameworks-${CONFIGURATION}-output-files.xcfilelist",
			);
			runOnlyForDeploymentPostprocessing = 0;
			shellPath = /bin/sh;
			shellScript = "\"${PODS_ROOT}/Target Support Files/Pods-MovieApp/Pods-MovieApp-frameworks.sh\"\n";
			showEnvVarsInLog = 0;
		};
/* End PBXShellScriptBuildPhase section */

/* Begin PBXSourcesBuildPhase section */
		00E8025B2872383500C33B27 /* Sources */ = {
			isa = PBXSourcesBuildPhase;
			buildActionMask = 2147483647;
			files = (
				00E802632872383500C33B27 /* AppDelegate.swift in Sources */,
				00E8026D2872383500C33B27 /* MovieApp.xcdatamodeld in Sources */,
				00DC4956287355C100727321 /* MovieCollectionViewCell.swift in Sources */,
				00412E6D28738256003AC13F /* Networkmanager.swift in Sources */,
				00E802652872383500C33B27 /* SceneDelegate.swift in Sources */,
				00412E6F287384CF003AC13F /* Movie.swift in Sources */,
				00E8027E2873147400C33B27 /* MainViewController.swift in Sources */,
			);
			runOnlyForDeploymentPostprocessing = 0;
		};
/* End PBXSourcesBuildPhase section */

/* Begin PBXVariantGroup section */
		00E802682872383500C33B27 /* Main.storyboard */ = {
			isa = PBXVariantGroup;
			children = (
				00E802692872383500C33B27 /* Base */,
			);
			name = Main.storyboard;
			sourceTree = "<group>";
		};
		00E802702872383900C33B27 /* LaunchScreen.storyboard */ = {
			isa = PBXVariantGroup;
			children = (
				00E802712872383900C33B27 /* Base */,
			);
			name = LaunchScreen.storyboard;
			sourceTree = "<group>";
		};
/* End PBXVariantGroup section */

/* Begin XCBuildConfiguration section */
		00E802742872383900C33B27 /* Debug */ = {
			isa = XCBuildConfiguration;
			buildSettings = {
				ALWAYS_SEARCH_USER_PATHS = NO;
				CLANG_ANALYZER_NONNULL = YES;
				CLANG_ANALYZER_NUMBER_OBJECT_CONVERSION = YES_AGGRESSIVE;
				CLANG_CXX_LANGUAGE_STANDARD = "gnu++17";
				CLANG_ENABLE_MODULES = YES;
				CLANG_ENABLE_OBJC_ARC = YES;
				CLANG_ENABLE_OBJC_WEAK = YES;
				CLANG_WARN_BLOCK_CAPTURE_AUTORELEASING = YES;
				CLANG_WARN_BOOL_CONVERSION = YES;
				CLANG_WARN_COMMA = YES;
				CLANG_WARN_CONSTANT_CONVERSION = YES;
				CLANG_WARN_DEPRECATED_OBJC_IMPLEMENTATIONS = YES;
				CLANG_WARN_DIRECT_OBJC_ISA_USAGE = YES_ERROR;
				CLANG_WARN_DOCUMENTATION_COMMENTS = YES;
				CLANG_WARN_EMPTY_BODY = YES;
				CLANG_WARN_ENUM_CONVERSION = YES;
				CLANG_WARN_INFINITE_RECURSION = YES;
				CLANG_WARN_INT_CONVERSION = YES;
				CLANG_WARN_NON_LITERAL_NULL_CONVERSION = YES;
				CLANG_WARN_OBJC_IMPLICIT_RETAIN_SELF = YES;
				CLANG_WARN_OBJC_LITERAL_CONVERSION = YES;
				CLANG_WARN_OBJC_ROOT_CLASS = YES_ERROR;
				CLANG_WARN_QUOTED_INCLUDE_IN_FRAMEWORK_HEADER = YES;
				CLANG_WARN_RANGE_LOOP_ANALYSIS = YES;
				CLANG_WARN_STRICT_PROTOTYPES = YES;
				CLANG_WARN_SUSPICIOUS_MOVE = YES;
				CLANG_WARN_UNGUARDED_AVAILABILITY = YES_AGGRESSIVE;
				CLANG_WARN_UNREACHABLE_CODE = YES;
				CLANG_WARN__DUPLICATE_METHOD_MATCH = YES;
				COPY_PHASE_STRIP = NO;
				DEBUG_INFORMATION_FORMAT = dwarf;
				ENABLE_STRICT_OBJC_MSGSEND = YES;
				ENABLE_TESTABILITY = YES;
				GCC_C_LANGUAGE_STANDARD = gnu11;
				GCC_DYNAMIC_NO_PIC = NO;
				GCC_NO_COMMON_BLOCKS = YES;
				GCC_OPTIMIZATION_LEVEL = 0;
				GCC_PREPROCESSOR_DEFINITIONS = (
					"DEBUG=1",
					"$(inherited)",
				);
				GCC_WARN_64_TO_32_BIT_CONVERSION = YES;
				GCC_WARN_ABOUT_RETURN_TYPE = YES_ERROR;
				GCC_WARN_UNDECLARED_SELECTOR = YES;
				GCC_WARN_UNINITIALIZED_AUTOS = YES_AGGRESSIVE;
				GCC_WARN_UNUSED_FUNCTION = YES;
				GCC_WARN_UNUSED_VARIABLE = YES;
				IPHONEOS_DEPLOYMENT_TARGET = 15.5;
				MTL_ENABLE_DEBUG_INFO = INCLUDE_SOURCE;
				MTL_FAST_MATH = YES;
				ONLY_ACTIVE_ARCH = YES;
				SDKROOT = iphoneos;
				SWIFT_ACTIVE_COMPILATION_CONDITIONS = DEBUG;
				SWIFT_OPTIMIZATION_LEVEL = "-Onone";
			};
			name = Debug;
		};
		00E802752872383900C33B27 /* Release */ = {
			isa = XCBuildConfiguration;
			buildSettings = {
				ALWAYS_SEARCH_USER_PATHS = NO;
				CLANG_ANALYZER_NONNULL = YES;
				CLANG_ANALYZER_NUMBER_OBJECT_CONVERSION = YES_AGGRESSIVE;
				CLANG_CXX_LANGUAGE_STANDARD = "gnu++17";
				CLANG_ENABLE_MODULES = YES;
				CLANG_ENABLE_OBJC_ARC = YES;
				CLANG_ENABLE_OBJC_WEAK = YES;
				CLANG_WARN_BLOCK_CAPTURE_AUTORELEASING = YES;
				CLANG_WARN_BOOL_CONVERSION = YES;
				CLANG_WARN_COMMA = YES;
				CLANG_WARN_CONSTANT_CONVERSION = YES;
				CLANG_WARN_DEPRECATED_OBJC_IMPLEMENTATIONS = YES;
				CLANG_WARN_DIRECT_OBJC_ISA_USAGE = YES_ERROR;
				CLANG_WARN_DOCUMENTATION_COMMENTS = YES;
				CLANG_WARN_EMPTY_BODY = YES;
				CLANG_WARN_ENUM_CONVERSION = YES;
				CLANG_WARN_INFINITE_RECURSION = YES;
				CLANG_WARN_INT_CONVERSION = YES;
				CLANG_WARN_NON_LITERAL_NULL_CONVERSION = YES;
				CLANG_WARN_OBJC_IMPLICIT_RETAIN_SELF = YES;
				CLANG_WARN_OBJC_LITERAL_CONVERSION = YES;
				CLANG_WARN_OBJC_ROOT_CLASS = YES_ERROR;
				CLANG_WARN_QUOTED_INCLUDE_IN_FRAMEWORK_HEADER = YES;
				CLANG_WARN_RANGE_LOOP_ANALYSIS = YES;
				CLANG_WARN_STRICT_PROTOTYPES = YES;
				CLANG_WARN_SUSPICIOUS_MOVE = YES;
				CLANG_WARN_UNGUARDED_AVAILABILITY = YES_AGGRESSIVE;
				CLANG_WARN_UNREACHABLE_CODE = YES;
				CLANG_WARN__DUPLICATE_METHOD_MATCH = YES;
				COPY_PHASE_STRIP = NO;
				DEBUG_INFORMATION_FORMAT = "dwarf-with-dsym";
				ENABLE_NS_ASSERTIONS = NO;
				ENABLE_STRICT_OBJC_MSGSEND = YES;
				GCC_C_LANGUAGE_STANDARD = gnu11;
				GCC_NO_COMMON_BLOCKS = YES;
				GCC_WARN_64_TO_32_BIT_CONVERSION = YES;
				GCC_WARN_ABOUT_RETURN_TYPE = YES_ERROR;
				GCC_WARN_UNDECLARED_SELECTOR = YES;
				GCC_WARN_UNINITIALIZED_AUTOS = YES_AGGRESSIVE;
				GCC_WARN_UNUSED_FUNCTION = YES;
				GCC_WARN_UNUSED_VARIABLE = YES;
				IPHONEOS_DEPLOYMENT_TARGET = 15.5;
				MTL_ENABLE_DEBUG_INFO = NO;
				MTL_FAST_MATH = YES;
				SDKROOT = iphoneos;
				SWIFT_COMPILATION_MODE = wholemodule;
				SWIFT_OPTIMIZATION_LEVEL = "-O";
				VALIDATE_PRODUCT = YES;
			};
			name = Release;
		};
		00E802772872383900C33B27 /* Debug */ = {
			isa = XCBuildConfiguration;
			baseConfigurationReference = 8488595AB779F64A5A106CDF /* Pods-MovieApp.debug.xcconfig */;
			buildSettings = {
				ASSETCATALOG_COMPILER_APPICON_NAME = AppIcon;
				ASSETCATALOG_COMPILER_GLOBAL_ACCENT_COLOR_NAME = AccentColor;
				CODE_SIGN_STYLE = Automatic;
				CURRENT_PROJECT_VERSION = 1;
				DEVELOPMENT_TEAM = W9FSXFWG34;
				GENERATE_INFOPLIST_FILE = YES;
				INFOPLIST_FILE = MovieApp/App/Info.plist;
				INFOPLIST_KEY_UIApplicationSupportsIndirectInputEvents = YES;
				INFOPLIST_KEY_UILaunchStoryboardName = LaunchScreen;
				INFOPLIST_KEY_UIMainStoryboardFile = Main;
				INFOPLIST_KEY_UISupportedInterfaceOrientations_iPad = "UIInterfaceOrientationPortrait UIInterfaceOrientationPortraitUpsideDown UIInterfaceOrientationLandscapeLeft UIInterfaceOrientationLandscapeRight";
				INFOPLIST_KEY_UISupportedInterfaceOrientations_iPhone = "UIInterfaceOrientationPortrait UIInterfaceOrientationLandscapeLeft UIInterfaceOrientationLandscapeRight";
				LD_RUNPATH_SEARCH_PATHS = (
					"$(inherited)",
					"@executable_path/Frameworks",
				);
				MARKETING_VERSION = 1.0;
				PRODUCT_BUNDLE_IDENTIFIER = com.artem.MovieApp;
				PRODUCT_NAME = "$(TARGET_NAME)";
				SWIFT_EMIT_LOC_STRINGS = YES;
				SWIFT_VERSION = 5.0;
				TARGETED_DEVICE_FAMILY = "1,2";
			};
			name = Debug;
		};
		00E802782872383900C33B27 /* Release */ = {
			isa = XCBuildConfiguration;
			baseConfigurationReference = 36C2665D14A722D76A114E12 /* Pods-MovieApp.release.xcconfig */;
			buildSettings = {
				ASSETCATALOG_COMPILER_APPICON_NAME = AppIcon;
				ASSETCATALOG_COMPILER_GLOBAL_ACCENT_COLOR_NAME = AccentColor;
				CODE_SIGN_STYLE = Automatic;
				CURRENT_PROJECT_VERSION = 1;
				DEVELOPMENT_TEAM = W9FSXFWG34;
				GENERATE_INFOPLIST_FILE = YES;
				INFOPLIST_FILE = MovieApp/App/Info.plist;
				INFOPLIST_KEY_UIApplicationSupportsIndirectInputEvents = YES;
				INFOPLIST_KEY_UILaunchStoryboardName = LaunchScreen;
				INFOPLIST_KEY_UIMainStoryboardFile = Main;
				INFOPLIST_KEY_UISupportedInterfaceOrientations_iPad = "UIInterfaceOrientationPortrait UIInterfaceOrientationPortraitUpsideDown UIInterfaceOrientationLandscapeLeft UIInterfaceOrientationLandscapeRight";
				INFOPLIST_KEY_UISupportedInterfaceOrientations_iPhone = "UIInterfaceOrientationPortrait UIInterfaceOrientationLandscapeLeft UIInterfaceOrientationLandscapeRight";
				LD_RUNPATH_SEARCH_PATHS = (
					"$(inherited)",
					"@executable_path/Frameworks",
				);
				MARKETING_VERSION = 1.0;
				PRODUCT_BUNDLE_IDENTIFIER = com.artem.MovieApp;
				PRODUCT_NAME = "$(TARGET_NAME)";
				SWIFT_EMIT_LOC_STRINGS = YES;
				SWIFT_VERSION = 5.0;
				TARGETED_DEVICE_FAMILY = "1,2";
			};
			name = Release;
		};
/* End XCBuildConfiguration section */

/* Begin XCConfigurationList section */
		00E8025A2872383500C33B27 /* Build configuration list for PBXProject "MovieApp" */ = {
			isa = XCConfigurationList;
			buildConfigurations = (
				00E802742872383900C33B27 /* Debug */,
				00E802752872383900C33B27 /* Release */,
			);
			defaultConfigurationIsVisible = 0;
			defaultConfigurationName = Release;
		};
		00E802762872383900C33B27 /* Build configuration list for PBXNativeTarget "MovieApp" */ = {
			isa = XCConfigurationList;
			buildConfigurations = (
				00E802772872383900C33B27 /* Debug */,
				00E802782872383900C33B27 /* Release */,
			);
			defaultConfigurationIsVisible = 0;
			defaultConfigurationName = Release;
		};
/* End XCConfigurationList section */

/* Begin XCVersionGroup section */
		00E8026B2872383500C33B27 /* MovieApp.xcdatamodeld */ = {
			isa = XCVersionGroup;
			children = (
				00E8026C2872383500C33B27 /* MovieApp.xcdatamodel */,
			);
			currentVersion = 00E8026C2872383500C33B27 /* MovieApp.xcdatamodel */;
			path = MovieApp.xcdatamodeld;
			sourceTree = "<group>";
			versionGroupType = wrapper.xcdatamodel;
		};
/* End XCVersionGroup section */
	};
	rootObject = 00E802572872383500C33B27 /* Project object */;
}
